
Microsoft Visual Studio Solution File, Format Version 11.00
# Visual Studio 2010
# SharpDevelop 4.4
Project("{FAE04EC0-301F-11D3-BF4B-00C04F79EFBC}") = "dbConnection", "dbConnection\dbConnection.csproj", "{3AEB4695-DE5A-45F2-953A-C3DF3A7F9786}"
EndProject
Global
	GlobalSection(SolutionConfigurationPlatforms) = preSolution
		Debug|Any CPU = Debug|Any CPU
		Release|Any CPU = Release|Any CPU
	EndGlobalSection
	GlobalSection(ProjectConfigurationPlatforms) = postSolution
		{3AEB4695-DE5A-45F2-953A-C3DF3A7F9786}.Debug|Any CPU.Build.0 = Debug|Any CPU
		{3AEB4695-DE5A-45F2-953A-C3DF3A7F9786}.Debug|Any CPU.ActiveCfg = Debug|Any CPU
		{3AEB4695-DE5A-45F2-953A-C3DF3A7F9786}.Release|Any CPU.Build.0 = Release|Any CPU
		{3AEB4695-DE5A-45F2-953A-C3DF3A7F9786}.Release|Any CPU.ActiveCfg = Release|Any CPU
	EndGlobalSection
EndGlobal
