
Microsoft Visual Studio Solution File, Format Version 12.00
# Visual Studio 15
VisualStudioVersion = 15.0.28010.2016
MinimumVisualStudioVersion = 10.0.40219.1
Project("{FAE04EC0-301F-11D3-BF4B-00C04F79EFBC}") = "PromotionApi", "PromotionApi\PromotionApi.csproj", "{A5036581-655D-4DF9-A5BD-9F2DCA4E38FD}"
EndProject
Global
	GlobalSection(SolutionConfigurationPlatforms) = preSolution
		Debug|Any CPU = Debug|Any CPU
		Release|Any CPU = Release|Any CPU
	EndGlobalSection
	GlobalSection(ProjectConfigurationPlatforms) = postSolution
		{A5036581-655D-4DF9-A5BD-9F2DCA4E38FD}.Debug|Any CPU.ActiveCfg = Debug|Any CPU
		{A5036581-655D-4DF9-A5BD-9F2DCA4E38FD}.Debug|Any CPU.Build.0 = Debug|Any CPU
		{A5036581-655D-4DF9-A5BD-9F2DCA4E38FD}.Release|Any CPU.ActiveCfg = Release|Any CPU
		{A5036581-655D-4DF9-A5BD-9F2DCA4E38FD}.Release|Any CPU.Build.0 = Release|Any CPU
	EndGlobalSection
	GlobalSection(SolutionProperties) = preSolution
		HideSolutionNode = FALSE
	EndGlobalSection
	GlobalSection(ExtensibilityGlobals) = postSolution
		SolutionGuid = {0D6BB25D-BC90-40F7-A18B-AE2FBB1FCAE8}
	EndGlobalSection
EndGlobal
